
Microsoft Visual Studio Solution File, Format Version 12.00
# Visual Studio Version 17
VisualStudioVersion = 17.11.35312.102
MinimumVisualStudioVersion = 10.0.40219.1
Project("{9A19103F-16F7-4668-BE54-9A1E7A4F7556}") = "BookMySeat", "BookMySeat\BookMySeat.csproj", "{6497F533-C27D-445A-B0D0-8F25E1BD281B}"
EndProject
Global
	GlobalSection(SolutionConfigurationPlatforms) = preSolution
		Debug|Any CPU = Debug|Any CPU
		Release|Any CPU = Release|Any CPU
	EndGlobalSection
	GlobalSection(ProjectConfigurationPlatforms) = postSolution
		{6497F533-C27D-445A-B0D0-8F25E1BD281B}.Debug|Any CPU.ActiveCfg = Debug|Any CPU
		{6497F533-C27D-445A-B0D0-8F25E1BD281B}.Debug|Any CPU.Build.0 = Debug|Any CPU
		{6497F533-C27D-445A-B0D0-8F25E1BD281B}.Release|Any CPU.ActiveCfg = Release|Any CPU
		{6497F533-C27D-445A-B0D0-8F25E1BD281B}.Release|Any CPU.Build.0 = Release|Any CPU
	EndGlobalSection
	GlobalSection(SolutionProperties) = preSolution
		HideSolutionNode = FALSE
	EndGlobalSection
	GlobalSection(ExtensibilityGlobals) = postSolution
		SolutionGuid = {54A042F5-FD0D-4657-B50C-8E4F0F370269}
	EndGlobalSection
EndGlobal
